
Microsoft Visual Studio Solution File, Format Version 12.00
# Visual Studio Version 17
VisualStudioVersion = 17.0.31808.319
MinimumVisualStudioVersion = 10.0.40219.1
Project("{9A19103F-16F7-4668-BE54-9A1E7A4F7556}") = "Sourcer.Tests", "Sourcer.Tests\Sourcer.Tests.csproj", "{71BD0F4B-55D5-4FB2-A269-07116374D3FE}"
EndProject
Project("{9A19103F-16F7-4668-BE54-9A1E7A4F7556}") = "Sourcer.Service", "Sourcer.Service\Sourcer.Service.csproj", "{F81524F1-C3D4-4978-A970-7BEFD823665E}"
EndProject
Project("{E53339B2-1760-4266-BCC7-CA923CBCF16C}") = "docker-compose", "docker-compose.dcproj", "{C7FCA4CC-E59E-4521-93CF-DA9C4341C5E5}"
EndProject
Project("{FAE04EC0-301F-11D3-BF4B-00C04F79EFBC}") = "Sourcer.Benchmark", "Sourcer.Benchmark\Sourcer.Benchmark.csproj", "{5E90EA80-261F-4A54-A97D-43D488B1B4C4}"
EndProject
Global
	GlobalSection(SolutionConfigurationPlatforms) = preSolution
		Debug|Any CPU = Debug|Any CPU
		Release|Any CPU = Release|Any CPU
	EndGlobalSection
	GlobalSection(ProjectConfigurationPlatforms) = postSolution
		{71BD0F4B-55D5-4FB2-A269-07116374D3FE}.Debug|Any CPU.ActiveCfg = Debug|Any CPU
		{71BD0F4B-55D5-4FB2-A269-07116374D3FE}.Debug|Any CPU.Build.0 = Debug|Any CPU
		{71BD0F4B-55D5-4FB2-A269-07116374D3FE}.Release|Any CPU.ActiveCfg = Release|Any CPU
		{71BD0F4B-55D5-4FB2-A269-07116374D3FE}.Release|Any CPU.Build.0 = Release|Any CPU
		{F81524F1-C3D4-4978-A970-7BEFD823665E}.Debug|Any CPU.ActiveCfg = Debug|Any CPU
		{F81524F1-C3D4-4978-A970-7BEFD823665E}.Debug|Any CPU.Build.0 = Debug|Any CPU
		{F81524F1-C3D4-4978-A970-7BEFD823665E}.Release|Any CPU.ActiveCfg = Release|Any CPU
		{F81524F1-C3D4-4978-A970-7BEFD823665E}.Release|Any CPU.Build.0 = Release|Any CPU
		{C7FCA4CC-E59E-4521-93CF-DA9C4341C5E5}.Debug|Any CPU.ActiveCfg = Debug|Any CPU
		{C7FCA4CC-E59E-4521-93CF-DA9C4341C5E5}.Debug|Any CPU.Build.0 = Debug|Any CPU
		{C7FCA4CC-E59E-4521-93CF-DA9C4341C5E5}.Release|Any CPU.ActiveCfg = Release|Any CPU
		{C7FCA4CC-E59E-4521-93CF-DA9C4341C5E5}.Release|Any CPU.Build.0 = Release|Any CPU
		{5E90EA80-261F-4A54-A97D-43D488B1B4C4}.Debug|Any CPU.ActiveCfg = Debug|Any CPU
		{5E90EA80-261F-4A54-A97D-43D488B1B4C4}.Debug|Any CPU.Build.0 = Debug|Any CPU
		{5E90EA80-261F-4A54-A97D-43D488B1B4C4}.Release|Any CPU.ActiveCfg = Release|Any CPU
		{5E90EA80-261F-4A54-A97D-43D488B1B4C4}.Release|Any CPU.Build.0 = Release|Any CPU
	EndGlobalSection
	GlobalSection(SolutionProperties) = preSolution
		HideSolutionNode = FALSE
	EndGlobalSection
	GlobalSection(ExtensibilityGlobals) = postSolution
		SolutionGuid = {A6D59C8C-E7C1-4825-B48C-873D81BEC753}
	EndGlobalSection
EndGlobal
